// !$*UTF8*$!
{
	archiveVersion = 1;
	classes = {
	};
	objectVersion = 46;
	objects = {

/* Begin PBXBuildFile section */
		4F2BA4471619CCA100B2B461 /* UIKit.framework in Frameworks */ = {isa = PBXBuildFile; fileRef = 4F2BA4461619CCA100B2B461 /* UIKit.framework */; };
		4F2BA4491619CCA100B2B461 /* Foundation.framework in Frameworks */ = {isa = PBXBuildFile; fileRef = 4F2BA4481619CCA100B2B461 /* Foundation.framework */; };
		4F2BA44B1619CCA100B2B461 /* CoreGraphics.framework in Frameworks */ = {isa = PBXBuildFile; fileRef = 4F2BA44A1619CCA100B2B461 /* CoreGraphics.framework */; };
		4F2BA4511619CCA100B2B461 /* InfoPlist.strings in Resources */ = {isa = PBXBuildFile; fileRef = 4F2BA44F1619CCA100B2B461 /* InfoPlist.strings */; };
		4F2BA4531619CCA100B2B461 /* main.m in Sources */ = {isa = PBXBuildFile; fileRef = 4F2BA4521619CCA100B2B461 /* main.m */; };
		4F2BA4571619CCA100B2B461 /* lifeWordsAppDelegate.m in Sources */ = {isa = PBXBuildFile; fileRef = 4F2BA4561619CCA100B2B461 /* lifeWordsAppDelegate.m */; };
		4F2BA4591619CCA100B2B461 /* Default.png in Resources */ = {isa = PBXBuildFile; fileRef = 4F2BA4581619CCA100B2B461 /* Default.png */; };
		4F2BA45B1619CCA200B2B461 /* Default@2x.png in Resources */ = {isa = PBXBuildFile; fileRef = 4F2BA45A1619CCA200B2B461 /* Default@2x.png */; };
		4F2BA45D1619CCA200B2B461 /* Default-568h@2x.png in Resources */ = {isa = PBXBuildFile; fileRef = 4F2BA45C1619CCA200B2B461 /* Default-568h@2x.png */; };
		4F2BA4601619CCA200B2B461 /* MainStoryboard_iPhone.storyboard in Resources */ = {isa = PBXBuildFile; fileRef = 4F2BA45E1619CCA200B2B461 /* MainStoryboard_iPhone.storyboard */; };
		4F2BA4631619CCA200B2B461 /* MainStoryboard_iPad.storyboard in Resources */ = {isa = PBXBuildFile; fileRef = 4F2BA4611619CCA200B2B461 /* MainStoryboard_iPad.storyboard */; };
		4F2BA4661619CCA200B2B461 /* lifeWordsViewController.m in Sources */ = {isa = PBXBuildFile; fileRef = 4F2BA4651619CCA200B2B461 /* lifeWordsViewController.m */; };
		4F2BA46E1619CCFE00B2B461 /* lifeWordsLoginViewController.m in Sources */ = {isa = PBXBuildFile; fileRef = 4F2BA46D1619CCFE00B2B461 /* lifeWordsLoginViewController.m */; };
		4F2BA476161B1F5B00B2B461 /* logo_lifeWords.png in Resources */ = {isa = PBXBuildFile; fileRef = 4F2BA472161B1F5B00B2B461 /* logo_lifeWords.png */; };
		4F2BA477161B1F5B00B2B461 /* leaf_tree.jpg in Resources */ = {isa = PBXBuildFile; fileRef = 4F2BA474161B1F5B00B2B461 /* leaf_tree.jpg */; };
		4F2BA478161B1F5B00B2B461 /* leaf_tree_blur.jpg in Resources */ = {isa = PBXBuildFile; fileRef = 4F2BA475161B1F5B00B2B461 /* leaf_tree_blur.jpg */; };
		4F2BA4931621B78E00B2B461 /* NSAlert+MKNetworkKitAdditions.m in Sources */ = {isa = PBXBuildFile; fileRef = 4F2BA47D1621B78E00B2B461 /* NSAlert+MKNetworkKitAdditions.m */; };
		4F2BA4941621B78E00B2B461 /* NSData+Base64.m in Sources */ = {isa = PBXBuildFile; fileRef = 4F2BA47F1621B78E00B2B461 /* NSData+Base64.m */; };
		4F2BA4951621B78E00B2B461 /* NSDate+RFC1123.m in Sources */ = {isa = PBXBuildFile; fileRef = 4F2BA4811621B78E00B2B461 /* NSDate+RFC1123.m */; };
		4F2BA4961621B78E00B2B461 /* NSDictionary+RequestEncoding.m in Sources */ = {isa = PBXBuildFile; fileRef = 4F2BA4831621B78E00B2B461 /* NSDictionary+RequestEncoding.m */; };
		4F2BA4971621B78E00B2B461 /* NSString+JUSSNetworkKitAdditions.m in Sources */ = {isa = PBXBuildFile; fileRef = 4F2BA4851621B78E00B2B461 /* NSString+JUSSNetworkKitAdditions.m */; };
		4F2BA4981621B78E00B2B461 /* UIAlertView+JUSSNetworkKitAdditions.m in Sources */ = {isa = PBXBuildFile; fileRef = 4F2BA4871621B78E00B2B461 /* UIAlertView+JUSSNetworkKitAdditions.m */; };
		4F2BA4991621B78E00B2B461 /* JUSSNetworkEngine.m in Sources */ = {isa = PBXBuildFile; fileRef = 4F2BA4891621B78E00B2B461 /* JUSSNetworkEngine.m */; };
		4F2BA49A1621B78E00B2B461 /* JUSSNetworkOperation.m in Sources */ = {isa = PBXBuildFile; fileRef = 4F2BA48C1621B78E00B2B461 /* JUSSNetworkOperation.m */; };
		4F2BA49B1621B78E00B2B461 /* Reachability.m in Sources */ = {isa = PBXBuildFile; fileRef = 4F2BA48F1621B78E00B2B461 /* Reachability.m */; };
		4F2BA4A01621B7E200B2B461 /* MBProgressHUD.m in Sources */ = {isa = PBXBuildFile; fileRef = 4F2BA49F1621B7E200B2B461 /* MBProgressHUD.m */; };
		4F2BA4A516230A0100B2B461 /* OLGhostAlertView.m in Sources */ = {isa = PBXBuildFile; fileRef = 4F2BA4A416230A0100B2B461 /* OLGhostAlertView.m */; };
		4F2BA4AB16245BFA00B2B461 /* lifeWordsNetworkDownload.m in Sources */ = {isa = PBXBuildFile; fileRef = 4F2BA4A816245BFA00B2B461 /* lifeWordsNetworkDownload.m */; };
		4F2BA4AC16245BFA00B2B461 /* lifeWordsNetworkOperations.m in Sources */ = {isa = PBXBuildFile; fileRef = 4F2BA4AA16245BFA00B2B461 /* lifeWordsNetworkOperations.m */; };
/* End PBXBuildFile section */

/* Begin PBXFileReference section */
		4F2BA4421619CCA100B2B461 /* lifeWords.app */ = {isa = PBXFileReference; explicitFileType = wrapper.application; includeInIndex = 0; path = lifeWords.app; sourceTree = BUILT_PRODUCTS_DIR; };
		4F2BA4461619CCA100B2B461 /* UIKit.framework */ = {isa = PBXFileReference; lastKnownFileType = wrapper.framework; name = UIKit.framework; path = System/Library/Frameworks/UIKit.framework; sourceTree = SDKROOT; };
		4F2BA4481619CCA100B2B461 /* Foundation.framework */ = {isa = PBXFileReference; lastKnownFileType = wrapper.framework; name = Foundation.framework; path = System/Library/Frameworks/Foundation.framework; sourceTree = SDKROOT; };
		4F2BA44A1619CCA100B2B461 /* CoreGraphics.framework */ = {isa = PBXFileReference; lastKnownFileType = wrapper.framework; name = CoreGraphics.framework; path = System/Library/Frameworks/CoreGraphics.framework; sourceTree = SDKROOT; };
		4F2BA44E1619CCA100B2B461 /* lifeWords-Info.plist */ = {isa = PBXFileReference; lastKnownFileType = text.plist.xml; path = "lifeWords-Info.plist"; sourceTree = "<group>"; };
		4F2BA4501619CCA100B2B461 /* en */ = {isa = PBXFileReference; lastKnownFileType = text.plist.strings; name = en; path = en.lproj/InfoPlist.strings; sourceTree = "<group>"; };
		4F2BA4521619CCA100B2B461 /* main.m */ = {isa = PBXFileReference; lastKnownFileType = sourcecode.c.objc; path = main.m; sourceTree = "<group>"; };
		4F2BA4541619CCA100B2B461 /* lifeWords-Prefix.pch */ = {isa = PBXFileReference; lastKnownFileType = sourcecode.c.h; path = "lifeWords-Prefix.pch"; sourceTree = "<group>"; };
		4F2BA4551619CCA100B2B461 /* lifeWordsAppDelegate.h */ = {isa = PBXFileReference; lastKnownFileType = sourcecode.c.h; path = lifeWordsAppDelegate.h; sourceTree = "<group>"; };
		4F2BA4561619CCA100B2B461 /* lifeWordsAppDelegate.m */ = {isa = PBXFileReference; lastKnownFileType = sourcecode.c.objc; path = lifeWordsAppDelegate.m; sourceTree = "<group>"; };
		4F2BA4581619CCA100B2B461 /* Default.png */ = {isa = PBXFileReference; lastKnownFileType = image.png; path = Default.png; sourceTree = "<group>"; };
		4F2BA45A1619CCA200B2B461 /* Default@2x.png */ = {isa = PBXFileReference; lastKnownFileType = image.png; path = "Default@2x.png"; sourceTree = "<group>"; };
		4F2BA45C1619CCA200B2B461 /* Default-568h@2x.png */ = {isa = PBXFileReference; lastKnownFileType = image.png; path = "Default-568h@2x.png"; sourceTree = "<group>"; };
		4F2BA45F1619CCA200B2B461 /* en */ = {isa = PBXFileReference; lastKnownFileType = file.storyboard; name = en; path = en.lproj/MainStoryboard_iPhone.storyboard; sourceTree = "<group>"; };
		4F2BA4621619CCA200B2B461 /* en */ = {isa = PBXFileReference; lastKnownFileType = file.storyboard; name = en; path = en.lproj/MainStoryboard_iPad.storyboard; sourceTree = "<group>"; };
		4F2BA4641619CCA200B2B461 /* lifeWordsViewController.h */ = {isa = PBXFileReference; lastKnownFileType = sourcecode.c.h; path = lifeWordsViewController.h; sourceTree = "<group>"; };
		4F2BA4651619CCA200B2B461 /* lifeWordsViewController.m */ = {isa = PBXFileReference; lastKnownFileType = sourcecode.c.objc; path = lifeWordsViewController.m; sourceTree = "<group>"; };
		4F2BA46C1619CCFE00B2B461 /* lifeWordsLoginViewController.h */ = {isa = PBXFileReference; fileEncoding = 4; lastKnownFileType = sourcecode.c.h; path = lifeWordsLoginViewController.h; sourceTree = "<group>"; };
		4F2BA46D1619CCFE00B2B461 /* lifeWordsLoginViewController.m */ = {isa = PBXFileReference; fileEncoding = 4; lastKnownFileType = sourcecode.c.objc; path = lifeWordsLoginViewController.m; sourceTree = "<group>"; };
		4F2BA472161B1F5B00B2B461 /* logo_lifeWords.png */ = {isa = PBXFileReference; lastKnownFileType = image.png; path = logo_lifeWords.png; sourceTree = "<group>"; };
		4F2BA474161B1F5B00B2B461 /* leaf_tree.jpg */ = {isa = PBXFileReference; lastKnownFileType = image.jpeg; path = leaf_tree.jpg; sourceTree = "<group>"; };
		4F2BA475161B1F5B00B2B461 /* leaf_tree_blur.jpg */ = {isa = PBXFileReference; lastKnownFileType = image.jpeg; path = leaf_tree_blur.jpg; sourceTree = "<group>"; };
		4F2BA47C1621B78E00B2B461 /* NSAlert+MKNetworkKitAdditions.h */ = {isa = PBXFileReference; fileEncoding = 4; lastKnownFileType = sourcecode.c.h; path = "NSAlert+MKNetworkKitAdditions.h"; sourceTree = "<group>"; };
		4F2BA47D1621B78E00B2B461 /* NSAlert+MKNetworkKitAdditions.m */ = {isa = PBXFileReference; fileEncoding = 4; lastKnownFileType = sourcecode.c.objc; path = "NSAlert+MKNetworkKitAdditions.m"; sourceTree = "<group>"; };
		4F2BA47E1621B78E00B2B461 /* NSData+Base64.h */ = {isa = PBXFileReference; fileEncoding = 4; lastKnownFileType = sourcecode.c.h; path = "NSData+Base64.h"; sourceTree = "<group>"; };
		4F2BA47F1621B78E00B2B461 /* NSData+Base64.m */ = {isa = PBXFileReference; fileEncoding = 4; lastKnownFileType = sourcecode.c.objc; path = "NSData+Base64.m"; sourceTree = "<group>"; };
		4F2BA4801621B78E00B2B461 /* NSDate+RFC1123.h */ = {isa = PBXFileReference; fileEncoding = 4; lastKnownFileType = sourcecode.c.h; path = "NSDate+RFC1123.h"; sourceTree = "<group>"; };
		4F2BA4811621B78E00B2B461 /* NSDate+RFC1123.m */ = {isa = PBXFileReference; fileEncoding = 4; lastKnownFileType = sourcecode.c.objc; path = "NSDate+RFC1123.m"; sourceTree = "<group>"; };
		4F2BA4821621B78E00B2B461 /* NSDictionary+RequestEncoding.h */ = {isa = PBXFileReference; fileEncoding = 4; lastKnownFileType = sourcecode.c.h; path = "NSDictionary+RequestEncoding.h"; sourceTree = "<group>"; };
		4F2BA4831621B78E00B2B461 /* NSDictionary+RequestEncoding.m */ = {isa = PBXFileReference; fileEncoding = 4; lastKnownFileType = sourcecode.c.objc; path = "NSDictionary+RequestEncoding.m"; sourceTree = "<group>"; };
		4F2BA4841621B78E00B2B461 /* NSString+JUSSNetworkKitAdditions.h */ = {isa = PBXFileReference; fileEncoding = 4; lastKnownFileType = sourcecode.c.h; path = "NSString+JUSSNetworkKitAdditions.h"; sourceTree = "<group>"; };
		4F2BA4851621B78E00B2B461 /* NSString+JUSSNetworkKitAdditions.m */ = {isa = PBXFileReference; fileEncoding = 4; lastKnownFileType = sourcecode.c.objc; path = "NSString+JUSSNetworkKitAdditions.m"; sourceTree = "<group>"; };
		4F2BA4861621B78E00B2B461 /* UIAlertView+JUSSNetworkKitAdditions.h */ = {isa = PBXFileReference; fileEncoding = 4; lastKnownFileType = sourcecode.c.h; path = "UIAlertView+JUSSNetworkKitAdditions.h"; sourceTree = "<group>"; };
		4F2BA4871621B78E00B2B461 /* UIAlertView+JUSSNetworkKitAdditions.m */ = {isa = PBXFileReference; fileEncoding = 4; lastKnownFileType = sourcecode.c.objc; path = "UIAlertView+JUSSNetworkKitAdditions.m"; sourceTree = "<group>"; };
		4F2BA4881621B78E00B2B461 /* JUSSNetworkEngine.h */ = {isa = PBXFileReference; fileEncoding = 4; lastKnownFileType = sourcecode.c.h; path = JUSSNetworkEngine.h; sourceTree = "<group>"; };
		4F2BA4891621B78E00B2B461 /* JUSSNetworkEngine.m */ = {isa = PBXFileReference; fileEncoding = 4; lastKnownFileType = sourcecode.c.objc; path = JUSSNetworkEngine.m; sourceTree = "<group>"; };
		4F2BA48A1621B78E00B2B461 /* JUSSNetworkKit.h */ = {isa = PBXFileReference; fileEncoding = 4; lastKnownFileType = sourcecode.c.h; path = JUSSNetworkKit.h; sourceTree = "<group>"; };
		4F2BA48B1621B78E00B2B461 /* JUSSNetworkOperation.h */ = {isa = PBXFileReference; fileEncoding = 4; lastKnownFileType = sourcecode.c.h; path = JUSSNetworkOperation.h; sourceTree = "<group>"; };
		4F2BA48C1621B78E00B2B461 /* JUSSNetworkOperation.m */ = {isa = PBXFileReference; fileEncoding = 4; lastKnownFileType = sourcecode.c.objc; path = JUSSNetworkOperation.m; sourceTree = "<group>"; };
		4F2BA48E1621B78E00B2B461 /* Reachability.h */ = {isa = PBXFileReference; fileEncoding = 4; lastKnownFileType = sourcecode.c.h; path = Reachability.h; sourceTree = "<group>"; };
		4F2BA48F1621B78E00B2B461 /* Reachability.m */ = {isa = PBXFileReference; fileEncoding = 4; lastKnownFileType = sourcecode.c.objc; path = Reachability.m; sourceTree = "<group>"; };
		4F2BA49E1621B7E200B2B461 /* MBProgressHUD.h */ = {isa = PBXFileReference; fileEncoding = 4; lastKnownFileType = sourcecode.c.h; path = MBProgressHUD.h; sourceTree = "<group>"; };
		4F2BA49F1621B7E200B2B461 /* MBProgressHUD.m */ = {isa = PBXFileReference; fileEncoding = 4; lastKnownFileType = sourcecode.c.objc; path = MBProgressHUD.m; sourceTree = "<group>"; };
		4F2BA4A316230A0100B2B461 /* OLGhostAlertView.h */ = {isa = PBXFileReference; fileEncoding = 4; lastKnownFileType = sourcecode.c.h; path = OLGhostAlertView.h; sourceTree = "<group>"; };
		4F2BA4A416230A0100B2B461 /* OLGhostAlertView.m */ = {isa = PBXFileReference; fileEncoding = 4; lastKnownFileType = sourcecode.c.objc; path = OLGhostAlertView.m; sourceTree = "<group>"; };
		4F2BA4A716245BFA00B2B461 /* lifeWordsNetworkDownload.h */ = {isa = PBXFileReference; fileEncoding = 4; lastKnownFileType = sourcecode.c.h; path = lifeWordsNetworkDownload.h; sourceTree = "<group>"; };
		4F2BA4A816245BFA00B2B461 /* lifeWordsNetworkDownload.m */ = {isa = PBXFileReference; fileEncoding = 4; lastKnownFileType = sourcecode.c.objc; path = lifeWordsNetworkDownload.m; sourceTree = "<group>"; };
		4F2BA4A916245BFA00B2B461 /* lifeWordsNetworkOperations.h */ = {isa = PBXFileReference; fileEncoding = 4; lastKnownFileType = sourcecode.c.h; path = lifeWordsNetworkOperations.h; sourceTree = "<group>"; };
		4F2BA4AA16245BFA00B2B461 /* lifeWordsNetworkOperations.m */ = {isa = PBXFileReference; fileEncoding = 4; lastKnownFileType = sourcecode.c.objc; path = lifeWordsNetworkOperations.m; sourceTree = "<group>"; };
/* End PBXFileReference section */

/* Begin PBXFrameworksBuildPhase section */
		4F2BA43F1619CCA100B2B461 /* Frameworks */ = {
			isa = PBXFrameworksBuildPhase;
			buildActionMask = 2147483647;
			files = (
				4F2BA4471619CCA100B2B461 /* UIKit.framework in Frameworks */,
				4F2BA4491619CCA100B2B461 /* Foundation.framework in Frameworks */,
				4F2BA44B1619CCA100B2B461 /* CoreGraphics.framework in Frameworks */,
			);
			runOnlyForDeploymentPostprocessing = 0;
		};
/* End PBXFrameworksBuildPhase section */

/* Begin PBXGroup section */
		4F2BA4371619CCA100B2B461 = {
			isa = PBXGroup;
			children = (
				4F2BA44C1619CCA100B2B461 /* lifeWords */,
				4F2BA4451619CCA100B2B461 /* Frameworks */,
				4F2BA4431619CCA100B2B461 /* Products */,
			);
			sourceTree = "<group>";
		};
		4F2BA4431619CCA100B2B461 /* Products */ = {
			isa = PBXGroup;
			children = (
				4F2BA4421619CCA100B2B461 /* lifeWords.app */,
			);
			name = Products;
			sourceTree = "<group>";
		};
		4F2BA4451619CCA100B2B461 /* Frameworks */ = {
			isa = PBXGroup;
			children = (
				4F2BA4461619CCA100B2B461 /* UIKit.framework */,
				4F2BA4481619CCA100B2B461 /* Foundation.framework */,
				4F2BA44A1619CCA100B2B461 /* CoreGraphics.framework */,
			);
			name = Frameworks;
			sourceTree = "<group>";
		};
		4F2BA44C1619CCA100B2B461 /* lifeWords */ = {
			isa = PBXGroup;
			children = (
				4F2BA4551619CCA100B2B461 /* lifeWordsAppDelegate.h */,
				4F2BA4561619CCA100B2B461 /* lifeWordsAppDelegate.m */,
				4F2BA45E1619CCA200B2B461 /* MainStoryboard_iPhone.storyboard */,
				4F2BA4611619CCA200B2B461 /* MainStoryboard_iPad.storyboard */,
				4F2BA4641619CCA200B2B461 /* lifeWordsViewController.h */,
				4F2BA4651619CCA200B2B461 /* lifeWordsViewController.m */,
				4F2BA4A616245BFA00B2B461 /* Network */,
				4F2BA46F1619CD0500B2B461 /* Login View */,
				4F2BA470161B1F5B00B2B461 /* Graphics */,
				4F2BA4A116230A0100B2B461 /* Custom Objects */,
				4F2BA4791621B78E00B2B461 /* Custom Frameworks */,
				4F2BA44D1619CCA100B2B461 /* Supporting Files */,
			);
			path = lifeWords;
			sourceTree = "<group>";
		};
		4F2BA44D1619CCA100B2B461 /* Supporting Files */ = {
			isa = PBXGroup;
			children = (
				4F2BA44E1619CCA100B2B461 /* lifeWords-Info.plist */,
				4F2BA44F1619CCA100B2B461 /* InfoPlist.strings */,
				4F2BA4521619CCA100B2B461 /* main.m */,
				4F2BA4541619CCA100B2B461 /* lifeWords-Prefix.pch */,
				4F2BA4581619CCA100B2B461 /* Default.png */,
				4F2BA45A1619CCA200B2B461 /* Default@2x.png */,
				4F2BA45C1619CCA200B2B461 /* Default-568h@2x.png */,
			);
			name = "Supporting Files";
			sourceTree = "<group>";
		};
		4F2BA46F1619CD0500B2B461 /* Login View */ = {
			isa = PBXGroup;
			children = (
				4F2BA46C1619CCFE00B2B461 /* lifeWordsLoginViewController.h */,
				4F2BA46D1619CCFE00B2B461 /* lifeWordsLoginViewController.m */,
			);
			name = "Login View";
			sourceTree = "<group>";
		};
		4F2BA470161B1F5B00B2B461 /* Graphics */ = {
			isa = PBXGroup;
			children = (
				4F2BA471161B1F5B00B2B461 /* Login */,
			);
			path = Graphics;
			sourceTree = "<group>";
		};
		4F2BA471161B1F5B00B2B461 /* Login */ = {
			isa = PBXGroup;
			children = (
				4F2BA472161B1F5B00B2B461 /* logo_lifeWords.png */,
				4F2BA473161B1F5B00B2B461 /* Theme Wallpaper */,
			);
			path = Login;
			sourceTree = "<group>";
		};
		4F2BA473161B1F5B00B2B461 /* Theme Wallpaper */ = {
			isa = PBXGroup;
			children = (
				4F2BA474161B1F5B00B2B461 /* leaf_tree.jpg */,
				4F2BA475161B1F5B00B2B461 /* leaf_tree_blur.jpg */,
			);
			path = "Theme Wallpaper";
			sourceTree = "<group>";
		};
		4F2BA4791621B78E00B2B461 /* Custom Frameworks */ = {
			isa = PBXGroup;
			children = (
				4F2BA49D1621B7E200B2B461 /* MBProgressHUD */,
				4F2BA47A1621B78E00B2B461 /* JUSSNetworkKit */,
			);
			name = "Custom Frameworks";
			path = Framework;
			sourceTree = "<group>";
		};
		4F2BA47A1621B78E00B2B461 /* JUSSNetworkKit */ = {
			isa = PBXGroup;
			children = (
				4F2BA47B1621B78E00B2B461 /* Categories */,
				4F2BA4881621B78E00B2B461 /* JUSSNetworkEngine.h */,
				4F2BA4891621B78E00B2B461 /* JUSSNetworkEngine.m */,
				4F2BA48A1621B78E00B2B461 /* JUSSNetworkKit.h */,
				4F2BA48B1621B78E00B2B461 /* JUSSNetworkOperation.h */,
				4F2BA48C1621B78E00B2B461 /* JUSSNetworkOperation.m */,
				4F2BA48D1621B78E00B2B461 /* Reachability */,
			);
			path = JUSSNetworkKit;
			sourceTree = "<group>";
		};
		4F2BA47B1621B78E00B2B461 /* Categories */ = {
			isa = PBXGroup;
			children = (
				4F2BA47C1621B78E00B2B461 /* NSAlert+MKNetworkKitAdditions.h */,
				4F2BA47D1621B78E00B2B461 /* NSAlert+MKNetworkKitAdditions.m */,
				4F2BA47E1621B78E00B2B461 /* NSData+Base64.h */,
				4F2BA47F1621B78E00B2B461 /* NSData+Base64.m */,
				4F2BA4801621B78E00B2B461 /* NSDate+RFC1123.h */,
				4F2BA4811621B78E00B2B461 /* NSDate+RFC1123.m */,
				4F2BA4821621B78E00B2B461 /* NSDictionary+RequestEncoding.h */,
				4F2BA4831621B78E00B2B461 /* NSDictionary+RequestEncoding.m */,
				4F2BA4841621B78E00B2B461 /* NSString+JUSSNetworkKitAdditions.h */,
				4F2BA4851621B78E00B2B461 /* NSString+JUSSNetworkKitAdditions.m */,
				4F2BA4861621B78E00B2B461 /* UIAlertView+JUSSNetworkKitAdditions.h */,
				4F2BA4871621B78E00B2B461 /* UIAlertView+JUSSNetworkKitAdditions.m */,
			);
			path = Categories;
			sourceTree = "<group>";
		};
		4F2BA48D1621B78E00B2B461 /* Reachability */ = {
			isa = PBXGroup;
			children = (
				4F2BA48E1621B78E00B2B461 /* Reachability.h */,
				4F2BA48F1621B78E00B2B461 /* Reachability.m */,
			);
			path = Reachability;
			sourceTree = "<group>";
		};
		4F2BA49D1621B7E200B2B461 /* MBProgressHUD */ = {
			isa = PBXGroup;
			children = (
				4F2BA49E1621B7E200B2B461 /* MBProgressHUD.h */,
				4F2BA49F1621B7E200B2B461 /* MBProgressHUD.m */,
			);
			path = MBProgressHUD;
			sourceTree = "<group>";
		};
		4F2BA4A116230A0100B2B461 /* Custom Objects */ = {
			isa = PBXGroup;
			children = (
				4F2BA4A216230A0100B2B461 /* AlertView */,
			);
			name = "Custom Objects";
			path = Classes;
			sourceTree = "<group>";
		};
		4F2BA4A216230A0100B2B461 /* AlertView */ = {
			isa = PBXGroup;
			children = (
				4F2BA4A316230A0100B2B461 /* OLGhostAlertView.h */,
				4F2BA4A416230A0100B2B461 /* OLGhostAlertView.m */,
			);
			path = AlertView;
			sourceTree = "<group>";
		};
		4F2BA4A616245BFA00B2B461 /* Network */ = {
			isa = PBXGroup;
			children = (
				4F2BA4A716245BFA00B2B461 /* lifeWordsNetworkDownload.h */,
				4F2BA4A816245BFA00B2B461 /* lifeWordsNetworkDownload.m */,
				4F2BA4A916245BFA00B2B461 /* lifeWordsNetworkOperations.h */,
				4F2BA4AA16245BFA00B2B461 /* lifeWordsNetworkOperations.m */,
			);
			name = Network;
			path = Classes/Network;
			sourceTree = "<group>";
		};
/* End PBXGroup section */

/* Begin PBXNativeTarget section */
		4F2BA4411619CCA100B2B461 /* lifeWords */ = {
			isa = PBXNativeTarget;
			buildConfigurationList = 4F2BA4691619CCA200B2B461 /* Build configuration list for PBXNativeTarget "lifeWords" */;
			buildPhases = (
				4F2BA43E1619CCA100B2B461 /* Sources */,
				4F2BA43F1619CCA100B2B461 /* Frameworks */,
				4F2BA4401619CCA100B2B461 /* Resources */,
			);
			buildRules = (
			);
			dependencies = (
			);
			name = lifeWords;
			productName = lifeWords;
			productReference = 4F2BA4421619CCA100B2B461 /* lifeWords.app */;
			productType = "com.apple.product-type.application";
		};
/* End PBXNativeTarget section */

/* Begin PBXProject section */
		4F2BA4391619CCA100B2B461 /* Project object */ = {
			isa = PBXProject;
			attributes = {
				CLASSPREFIX = lifeWords;
				LastUpgradeCheck = 0450;
				ORGANIZATIONNAME = simpleDudes;
			};
			buildConfigurationList = 4F2BA43C1619CCA100B2B461 /* Build configuration list for PBXProject "lifeWords" */;
			compatibilityVersion = "Xcode 3.2";
			developmentRegion = English;
			hasScannedForEncodings = 0;
			knownRegions = (
				en,
			);
			mainGroup = 4F2BA4371619CCA100B2B461;
			productRefGroup = 4F2BA4431619CCA100B2B461 /* Products */;
			projectDirPath = "";
			projectRoot = "";
			targets = (
				4F2BA4411619CCA100B2B461 /* lifeWords */,
			);
		};
/* End PBXProject section */

/* Begin PBXResourcesBuildPhase section */
		4F2BA4401619CCA100B2B461 /* Resources */ = {
			isa = PBXResourcesBuildPhase;
			buildActionMask = 2147483647;
			files = (
				4F2BA4511619CCA100B2B461 /* InfoPlist.strings in Resources */,
				4F2BA4591619CCA100B2B461 /* Default.png in Resources */,
				4F2BA45B1619CCA200B2B461 /* Default@2x.png in Resources */,
				4F2BA45D1619CCA200B2B461 /* Default-568h@2x.png in Resources */,
				4F2BA4601619CCA200B2B461 /* MainStoryboard_iPhone.storyboard in Resources */,
				4F2BA4631619CCA200B2B461 /* MainStoryboard_iPad.storyboard in Resources */,
				4F2BA476161B1F5B00B2B461 /* logo_lifeWords.png in Resources */,
				4F2BA477161B1F5B00B2B461 /* leaf_tree.jpg in Resources */,
				4F2BA478161B1F5B00B2B461 /* leaf_tree_blur.jpg in Resources */,
			);
			runOnlyForDeploymentPostprocessing = 0;
		};
/* End PBXResourcesBuildPhase section */

/* Begin PBXSourcesBuildPhase section */
		4F2BA43E1619CCA100B2B461 /* Sources */ = {
			isa = PBXSourcesBuildPhase;
			buildActionMask = 2147483647;
			files = (
				4F2BA4531619CCA100B2B461 /* main.m in Sources */,
				4F2BA4571619CCA100B2B461 /* lifeWordsAppDelegate.m in Sources */,
				4F2BA4661619CCA200B2B461 /* lifeWordsViewController.m in Sources */,
				4F2BA46E1619CCFE00B2B461 /* lifeWordsLoginViewController.m in Sources */,
				4F2BA4931621B78E00B2B461 /* NSAlert+MKNetworkKitAdditions.m in Sources */,
				4F2BA4941621B78E00B2B461 /* NSData+Base64.m in Sources */,
				4F2BA4951621B78E00B2B461 /* NSDate+RFC1123.m in Sources */,
				4F2BA4961621B78E00B2B461 /* NSDictionary+RequestEncoding.m in Sources */,
				4F2BA4971621B78E00B2B461 /* NSString+JUSSNetworkKitAdditions.m in Sources */,
				4F2BA4981621B78E00B2B461 /* UIAlertView+JUSSNetworkKitAdditions.m in Sources */,
				4F2BA4991621B78E00B2B461 /* JUSSNetworkEngine.m in Sources */,
				4F2BA49A1621B78E00B2B461 /* JUSSNetworkOperation.m in Sources */,
				4F2BA49B1621B78E00B2B461 /* Reachability.m in Sources */,
				4F2BA4A01621B7E200B2B461 /* MBProgressHUD.m in Sources */,
				4F2BA4A516230A0100B2B461 /* OLGhostAlertView.m in Sources */,
				4F2BA4AB16245BFA00B2B461 /* lifeWordsNetworkDownload.m in Sources */,
				4F2BA4AC16245BFA00B2B461 /* lifeWordsNetworkOperations.m in Sources */,
			);
			runOnlyForDeploymentPostprocessing = 0;
		};
/* End PBXSourcesBuildPhase section */

/* Begin PBXVariantGroup section */
		4F2BA44F1619CCA100B2B461 /* InfoPlist.strings */ = {
			isa = PBXVariantGroup;
			children = (
				4F2BA4501619CCA100B2B461 /* en */,
			);
			name = InfoPlist.strings;
			sourceTree = "<group>";
		};
		4F2BA45E1619CCA200B2B461 /* MainStoryboard_iPhone.storyboard */ = {
			isa = PBXVariantGroup;
			children = (
				4F2BA45F1619CCA200B2B461 /* en */,
			);
			name = MainStoryboard_iPhone.storyboard;
			sourceTree = "<group>";
		};
		4F2BA4611619CCA200B2B461 /* MainStoryboard_iPad.storyboard */ = {
			isa = PBXVariantGroup;
			children = (
				4F2BA4621619CCA200B2B461 /* en */,
			);
			name = MainStoryboard_iPad.storyboard;
			sourceTree = "<group>";
		};
/* End PBXVariantGroup section */

/* Begin XCBuildConfiguration section */
		4F2BA4671619CCA200B2B461 /* Debug */ = {
			isa = XCBuildConfiguration;
			buildSettings = {
				ALWAYS_SEARCH_USER_PATHS = NO;
				CLANG_CXX_LANGUAGE_STANDARD = "gnu++0x";
				CLANG_CXX_LIBRARY = "libc++";
				CLANG_ENABLE_OBJC_ARC = YES;
				CLANG_WARN_EMPTY_BODY = YES;
				CLANG_WARN__DUPLICATE_METHOD_MATCH = YES;
				"CODE_SIGN_IDENTITY[sdk=iphoneos*]" = "iPhone Developer";
				COPY_PHASE_STRIP = NO;
				GCC_C_LANGUAGE_STANDARD = gnu99;
				GCC_DYNAMIC_NO_PIC = NO;
				GCC_OPTIMIZATION_LEVEL = 0;
				GCC_PREPROCESSOR_DEFINITIONS = (
					"DEBUG=1",
					"$(inherited)",
				);
				GCC_SYMBOLS_PRIVATE_EXTERN = NO;
				GCC_WARN_ABOUT_RETURN_TYPE = YES;
				GCC_WARN_UNINITIALIZED_AUTOS = YES;
				GCC_WARN_UNUSED_VARIABLE = YES;
				IPHONEOS_DEPLOYMENT_TARGET = 6.0;
				ONLY_ACTIVE_ARCH = YES;
				SDKROOT = iphoneos;
				TARGETED_DEVICE_FAMILY = "1,2";
			};
			name = Debug;
		};
		4F2BA4681619CCA200B2B461 /* Release */ = {
			isa = XCBuildConfiguration;
			buildSettings = {
				ALWAYS_SEARCH_USER_PATHS = NO;
				CLANG_CXX_LANGUAGE_STANDARD = "gnu++0x";
				CLANG_CXX_LIBRARY = "libc++";
				CLANG_ENABLE_OBJC_ARC = YES;
				CLANG_WARN_EMPTY_BODY = YES;
				CLANG_WARN__DUPLICATE_METHOD_MATCH = YES;
				"CODE_SIGN_IDENTITY[sdk=iphoneos*]" = "iPhone Developer";
				COPY_PHASE_STRIP = YES;
				GCC_C_LANGUAGE_STANDARD = gnu99;
				GCC_WARN_ABOUT_RETURN_TYPE = YES;
				GCC_WARN_UNINITIALIZED_AUTOS = YES;
				GCC_WARN_UNUSED_VARIABLE = YES;
				IPHONEOS_DEPLOYMENT_TARGET = 6.0;
				OTHER_CFLAGS = "-DNS_BLOCK_ASSERTIONS=1";
				SDKROOT = iphoneos;
				TARGETED_DEVICE_FAMILY = "1,2";
				VALIDATE_PRODUCT = YES;
			};
			name = Release;
		};
		4F2BA46A1619CCA200B2B461 /* Debug */ = {
			isa = XCBuildConfiguration;
			buildSettings = {
				GCC_PRECOMPILE_PREFIX_HEADER = YES;
				GCC_PREFIX_HEADER = "lifeWords/lifeWords-Prefix.pch";
				INFOPLIST_FILE = "lifeWords/lifeWords-Info.plist";
				PRODUCT_NAME = "$(TARGET_NAME)";
				WRAPPER_EXTENSION = app;
			};
			name = Debug;
		};
		4F2BA46B1619CCA200B2B461 /* Release */ = {
			isa = XCBuildConfiguration;
			buildSettings = {
				GCC_PRECOMPILE_PREFIX_HEADER = YES;
				GCC_PREFIX_HEADER = "lifeWords/lifeWords-Prefix.pch";
				INFOPLIST_FILE = "lifeWords/lifeWords-Info.plist";
				PRODUCT_NAME = "$(TARGET_NAME)";
				WRAPPER_EXTENSION = app;
			};
			name = Release;
		};
/* End XCBuildConfiguration section */

/* Begin XCConfigurationList section */
		4F2BA43C1619CCA100B2B461 /* Build configuration list for PBXProject "lifeWords" */ = {
			isa = XCConfigurationList;
			buildConfigurations = (
				4F2BA4671619CCA200B2B461 /* Debug */,
				4F2BA4681619CCA200B2B461 /* Release */,
			);
			defaultConfigurationIsVisible = 0;
			defaultConfigurationName = Release;
		};
		4F2BA4691619CCA200B2B461 /* Build configuration list for PBXNativeTarget "lifeWords" */ = {
			isa = XCConfigurationList;
			buildConfigurations = (
				4F2BA46A1619CCA200B2B461 /* Debug */,
				4F2BA46B1619CCA200B2B461 /* Release */,
			);
			defaultConfigurationIsVisible = 0;
		};
/* End XCConfigurationList section */
	};
	rootObject = 4F2BA4391619CCA100B2B461 /* Project object */;
}
